
Microsoft Visual Studio Solution File, Format Version 12.00
# Visual Studio Version 17
VisualStudioVersion = 17.6.33829.357
MinimumVisualStudioVersion = 10.0.40219.1
Project("{FAE04EC0-301F-11D3-BF4B-00C04F79EFBC}") = "InterfaceExample", "ConsoleApp1\InterfaceExample.csproj", "{302702A4-D299-4DA2-A280-E9CFFF84A4E3}"
EndProject
Global
	GlobalSection(SolutionConfigurationPlatforms) = preSolution
		Debug|Any CPU = Debug|Any CPU
		Release|Any CPU = Release|Any CPU
	EndGlobalSection
	GlobalSection(ProjectConfigurationPlatforms) = postSolution
		{302702A4-D299-4DA2-A280-E9CFFF84A4E3}.Debug|Any CPU.ActiveCfg = Debug|Any CPU
		{302702A4-D299-4DA2-A280-E9CFFF84A4E3}.Debug|Any CPU.Build.0 = Debug|Any CPU
		{302702A4-D299-4DA2-A280-E9CFFF84A4E3}.Release|Any CPU.ActiveCfg = Release|Any CPU
		{302702A4-D299-4DA2-A280-E9CFFF84A4E3}.Release|Any CPU.Build.0 = Release|Any CPU
	EndGlobalSection
	GlobalSection(SolutionProperties) = preSolution
		HideSolutionNode = FALSE
	EndGlobalSection
	GlobalSection(ExtensibilityGlobals) = postSolution
		SolutionGuid = {2DD29B9C-7910-457D-8312-D1FC182CB045}
	EndGlobalSection
EndGlobal
